// !$*UTF8*$!
{
	archiveVersion = 1;
	classes = {
	};
	objectVersion = 46;
	objects = {

/* Begin PBXBuildFile section */
		7B2524DBA26BD55295904CCE /* Pods_soundstream.framework in Frameworks */ = {isa = PBXBuildFile; fileRef = F58377B7444044C7F936BD5E /* Pods_soundstream.framework */; };
		EC2410B51D884BA100C6D679 /* Sound.swift in Sources */ = {isa = PBXBuildFile; fileRef = EC2410B41D884BA100C6D679 /* Sound.swift */; };
		EC2410B81D884C9E00C6D679 /* SoundRepository.swift in Sources */ = {isa = PBXBuildFile; fileRef = EC2410B71D884C9E00C6D679 /* SoundRepository.swift */; };
		EC2410BB1D884DEC00C6D679 /* SoundFactory.swift in Sources */ = {isa = PBXBuildFile; fileRef = EC2410BA1D884DEC00C6D679 /* SoundFactory.swift */; };
		EC3AF41E1D8C03010081C30F /* SoundSoundCloud.swift in Sources */ = {isa = PBXBuildFile; fileRef = EC3AF41D1D8C03010081C30F /* SoundSoundCloud.swift */; };
		EC3AF4201D8C030C0081C30F /* SoundYouTube.swift in Sources */ = {isa = PBXBuildFile; fileRef = EC3AF41F1D8C030C0081C30F /* SoundYouTube.swift */; };
		EC3AF4221D8C05390081C30F /* SoundEntity.swift in Sources */ = {isa = PBXBuildFile; fileRef = EC3AF4211D8C05390081C30F /* SoundEntity.swift */; };
		EC3AF4241D8C059F0081C30F /* ResourceType.swift in Sources */ = {isa = PBXBuildFile; fileRef = EC3AF4231D8C059F0081C30F /* ResourceType.swift */; };
		EC3AF4261D8C06C20081C30F /* SoundCloudResourceEntity.swift in Sources */ = {isa = PBXBuildFile; fileRef = EC3AF4251D8C06C20081C30F /* SoundCloudResourceEntity.swift */; };
		EC3AF4281D8C06D00081C30F /* YouTubeResourceEntity.swift in Sources */ = {isa = PBXBuildFile; fileRef = EC3AF4271D8C06D00081C30F /* YouTubeResourceEntity.swift */; };
		EC3AF42C1D8C0CBE0081C30F /* Error.swift in Sources */ = {isa = PBXBuildFile; fileRef = EC3AF42B1D8C0CBE0081C30F /* Error.swift */; };
		EC3AF42E1D8E42B60081C30F /* ResponseYouTubeGetResolveItem.swift in Sources */ = {isa = PBXBuildFile; fileRef = EC3AF42D1D8E42B60081C30F /* ResponseYouTubeGetResolveItem.swift */; };
		EC3AF4301D8E49FC0081C30F /* ResponseYouTubeGetResolve.swift in Sources */ = {isa = PBXBuildFile; fileRef = EC3AF42F1D8E49FC0081C30F /* ResponseYouTubeGetResolve.swift */; };
		EC421BC91D88242200A54B98 /* SoundResourceEntity.swift in Sources */ = {isa = PBXBuildFile; fileRef = EC421BC81D88242200A54B98 /* SoundResourceEntity.swift */; };
		EC421BCC1D88339100A54B98 /* APIRepository.swift in Sources */ = {isa = PBXBuildFile; fileRef = EC421BCB1D88339100A54B98 /* APIRepository.swift */; };
		EC421BD11D88391900A54B98 /* ResponseSoundCloudGetResolve.swift in Sources */ = {isa = PBXBuildFile; fileRef = EC421BD01D88391900A54B98 /* ResponseSoundCloudGetResolve.swift */; };
		EC421BD41D8844FF00A54B98 /* ResponseError.swift in Sources */ = {isa = PBXBuildFile; fileRef = EC421BD31D8844FF00A54B98 /* ResponseError.swift */; };
		EC5BA4E91D86F879003FC885 /* AppDelegate.swift in Sources */ = {isa = PBXBuildFile; fileRef = EC5BA4E81D86F879003FC885 /* AppDelegate.swift */; };
		EC5BA4EB1D86F879003FC885 /* SearchViewController.swift in Sources */ = {isa = PBXBuildFile; fileRef = EC5BA4EA1D86F879003FC885 /* SearchViewController.swift */; };
		EC5BA4EE1D86F879003FC885 /* Search.storyboard in Resources */ = {isa = PBXBuildFile; fileRef = EC5BA4EC1D86F879003FC885 /* Search.storyboard */; };
		EC5BA4F01D86F879003FC885 /* Assets.xcassets in Resources */ = {isa = PBXBuildFile; fileRef = EC5BA4EF1D86F879003FC885 /* Assets.xcassets */; };
		EC5BA4F31D86F879003FC885 /* LaunchScreen.storyboard in Resources */ = {isa = PBXBuildFile; fileRef = EC5BA4F11D86F879003FC885 /* LaunchScreen.storyboard */; };
		EC5BA4FB1D86F927003FC885 /* SearchViewProtocol.swift in Sources */ = {isa = PBXBuildFile; fileRef = EC5BA4FA1D86F927003FC885 /* SearchViewProtocol.swift */; };
		EC5BA4FD1D86F948003FC885 /* SearchPresenter.swift in Sources */ = {isa = PBXBuildFile; fileRef = EC5BA4FC1D86F948003FC885 /* SearchPresenter.swift */; };
		ECCE507F1D897D6C007AEE22 /* Home.storyboard in Resources */ = {isa = PBXBuildFile; fileRef = ECCE507E1D897D6C007AEE22 /* Home.storyboard */; };
		ECCE50811D897D93007AEE22 /* HomeViewController.swift in Sources */ = {isa = PBXBuildFile; fileRef = ECCE50801D897D93007AEE22 /* HomeViewController.swift */; };
		ECCE50831D897E50007AEE22 /* HomeViewProtocol.swift in Sources */ = {isa = PBXBuildFile; fileRef = ECCE50821D897E50007AEE22 /* HomeViewProtocol.swift */; };
		ECCE50851D897E5C007AEE22 /* HomePresenter.swift in Sources */ = {isa = PBXBuildFile; fileRef = ECCE50841D897E5C007AEE22 /* HomePresenter.swift */; };
		ECCE50881D898871007AEE22 /* SoundCell.swift in Sources */ = {isa = PBXBuildFile; fileRef = ECCE50871D898871007AEE22 /* SoundCell.swift */; };
		ECCE508E1D89A9FC007AEE22 /* Constant.swift in Sources */ = {isa = PBXBuildFile; fileRef = ECCE508D1D89A9FC007AEE22 /* Constant.swift */; };
		ECCE50911D8AF822007AEE22 /* SoundManager.swift in Sources */ = {isa = PBXBuildFile; fileRef = ECCE50901D8AF822007AEE22 /* SoundManager.swift */; };
/* End PBXBuildFile section */

/* Begin PBXFileReference section */
		6F4AC6970226195137027B89 /* Pods-soundstream.release.xcconfig */ = {isa = PBXFileReference; includeInIndex = 1; lastKnownFileType = text.xcconfig; name = "Pods-soundstream.release.xcconfig"; path = "Pods/Target Support Files/Pods-soundstream/Pods-soundstream.release.xcconfig"; sourceTree = "<group>"; };
		D5E67E77C5187B83BD56C53E /* Pods-soundstream.debug.xcconfig */ = {isa = PBXFileReference; includeInIndex = 1; lastKnownFileType = text.xcconfig; name = "Pods-soundstream.debug.xcconfig"; path = "Pods/Target Support Files/Pods-soundstream/Pods-soundstream.debug.xcconfig"; sourceTree = "<group>"; };
		EC2410B41D884BA100C6D679 /* Sound.swift */ = {isa = PBXFileReference; fileEncoding = 4; lastKnownFileType = sourcecode.swift; path = Sound.swift; sourceTree = "<group>"; };
		EC2410B71D884C9E00C6D679 /* SoundRepository.swift */ = {isa = PBXFileReference; fileEncoding = 4; lastKnownFileType = sourcecode.swift; path = SoundRepository.swift; sourceTree = "<group>"; };
		EC2410BA1D884DEC00C6D679 /* SoundFactory.swift */ = {isa = PBXFileReference; fileEncoding = 4; lastKnownFileType = sourcecode.swift; path = SoundFactory.swift; sourceTree = "<group>"; };
		EC3AF41D1D8C03010081C30F /* SoundSoundCloud.swift */ = {isa = PBXFileReference; fileEncoding = 4; lastKnownFileType = sourcecode.swift; path = SoundSoundCloud.swift; sourceTree = "<group>"; };
		EC3AF41F1D8C030C0081C30F /* SoundYouTube.swift */ = {isa = PBXFileReference; fileEncoding = 4; lastKnownFileType = sourcecode.swift; path = SoundYouTube.swift; sourceTree = "<group>"; };
		EC3AF4211D8C05390081C30F /* SoundEntity.swift */ = {isa = PBXFileReference; fileEncoding = 4; lastKnownFileType = sourcecode.swift; path = SoundEntity.swift; sourceTree = "<group>"; };
		EC3AF4231D8C059F0081C30F /* ResourceType.swift */ = {isa = PBXFileReference; fileEncoding = 4; lastKnownFileType = sourcecode.swift; path = ResourceType.swift; sourceTree = "<group>"; };
		EC3AF4251D8C06C20081C30F /* SoundCloudResourceEntity.swift */ = {isa = PBXFileReference; fileEncoding = 4; lastKnownFileType = sourcecode.swift; path = SoundCloudResourceEntity.swift; sourceTree = "<group>"; };
		EC3AF4271D8C06D00081C30F /* YouTubeResourceEntity.swift */ = {isa = PBXFileReference; fileEncoding = 4; lastKnownFileType = sourcecode.swift; path = YouTubeResourceEntity.swift; sourceTree = "<group>"; };
		EC3AF42B1D8C0CBE0081C30F /* Error.swift */ = {isa = PBXFileReference; fileEncoding = 4; lastKnownFileType = sourcecode.swift; path = Error.swift; sourceTree = "<group>"; };
		EC3AF42D1D8E42B60081C30F /* ResponseYouTubeGetResolveItem.swift */ = {isa = PBXFileReference; fileEncoding = 4; lastKnownFileType = sourcecode.swift; path = ResponseYouTubeGetResolveItem.swift; sourceTree = "<group>"; };
		EC3AF42F1D8E49FC0081C30F /* ResponseYouTubeGetResolve.swift */ = {isa = PBXFileReference; fileEncoding = 4; lastKnownFileType = sourcecode.swift; path = ResponseYouTubeGetResolve.swift; sourceTree = "<group>"; };
		EC421BC81D88242200A54B98 /* SoundResourceEntity.swift */ = {isa = PBXFileReference; fileEncoding = 4; lastKnownFileType = sourcecode.swift; path = SoundResourceEntity.swift; sourceTree = "<group>"; };
		EC421BCB1D88339100A54B98 /* APIRepository.swift */ = {isa = PBXFileReference; fileEncoding = 4; lastKnownFileType = sourcecode.swift; path = APIRepository.swift; sourceTree = "<group>"; };
		EC421BD01D88391900A54B98 /* ResponseSoundCloudGetResolve.swift */ = {isa = PBXFileReference; fileEncoding = 4; lastKnownFileType = sourcecode.swift; path = ResponseSoundCloudGetResolve.swift; sourceTree = "<group>"; };
		EC421BD31D8844FF00A54B98 /* ResponseError.swift */ = {isa = PBXFileReference; fileEncoding = 4; lastKnownFileType = sourcecode.swift; path = ResponseError.swift; sourceTree = "<group>"; };
		EC5BA4E51D86F879003FC885 /* soundstream.app */ = {isa = PBXFileReference; explicitFileType = wrapper.application; includeInIndex = 0; path = soundstream.app; sourceTree = BUILT_PRODUCTS_DIR; };
		EC5BA4E81D86F879003FC885 /* AppDelegate.swift */ = {isa = PBXFileReference; lastKnownFileType = sourcecode.swift; path = AppDelegate.swift; sourceTree = "<group>"; };
		EC5BA4EA1D86F879003FC885 /* SearchViewController.swift */ = {isa = PBXFileReference; lastKnownFileType = sourcecode.swift; path = SearchViewController.swift; sourceTree = "<group>"; };
		EC5BA4ED1D86F879003FC885 /* Base */ = {isa = PBXFileReference; lastKnownFileType = file.storyboard; name = Base; path = Base.lproj/Search.storyboard; sourceTree = "<group>"; };
		EC5BA4EF1D86F879003FC885 /* Assets.xcassets */ = {isa = PBXFileReference; lastKnownFileType = folder.assetcatalog; path = Assets.xcassets; sourceTree = "<group>"; };
		EC5BA4F21D86F879003FC885 /* Base */ = {isa = PBXFileReference; lastKnownFileType = file.storyboard; name = Base; path = Base.lproj/LaunchScreen.storyboard; sourceTree = "<group>"; };
		EC5BA4F41D86F879003FC885 /* Info.plist */ = {isa = PBXFileReference; lastKnownFileType = text.plist.xml; path = Info.plist; sourceTree = "<group>"; };
		EC5BA4FA1D86F927003FC885 /* SearchViewProtocol.swift */ = {isa = PBXFileReference; fileEncoding = 4; lastKnownFileType = sourcecode.swift; path = SearchViewProtocol.swift; sourceTree = "<group>"; };
		EC5BA4FC1D86F948003FC885 /* SearchPresenter.swift */ = {isa = PBXFileReference; fileEncoding = 4; lastKnownFileType = sourcecode.swift; path = SearchPresenter.swift; sourceTree = "<group>"; };
		ECCE507E1D897D6C007AEE22 /* Home.storyboard */ = {isa = PBXFileReference; fileEncoding = 4; lastKnownFileType = file.storyboard; path = Home.storyboard; sourceTree = "<group>"; };
		ECCE50801D897D93007AEE22 /* HomeViewController.swift */ = {isa = PBXFileReference; fileEncoding = 4; lastKnownFileType = sourcecode.swift; path = HomeViewController.swift; sourceTree = "<group>"; };
		ECCE50821D897E50007AEE22 /* HomeViewProtocol.swift */ = {isa = PBXFileReference; fileEncoding = 4; lastKnownFileType = sourcecode.swift; path = HomeViewProtocol.swift; sourceTree = "<group>"; };
		ECCE50841D897E5C007AEE22 /* HomePresenter.swift */ = {isa = PBXFileReference; fileEncoding = 4; lastKnownFileType = sourcecode.swift; path = HomePresenter.swift; sourceTree = "<group>"; };
		ECCE50871D898871007AEE22 /* SoundCell.swift */ = {isa = PBXFileReference; fileEncoding = 4; lastKnownFileType = sourcecode.swift; path = SoundCell.swift; sourceTree = "<group>"; };
		ECCE508B1D898BB0007AEE22 /* SoundStream-Bridging-Header.h */ = {isa = PBXFileReference; lastKnownFileType = sourcecode.c.h; path = "SoundStream-Bridging-Header.h"; sourceTree = "<group>"; };
		ECCE508D1D89A9FC007AEE22 /* Constant.swift */ = {isa = PBXFileReference; fileEncoding = 4; lastKnownFileType = sourcecode.swift; path = Constant.swift; sourceTree = "<group>"; };
		ECCE50901D8AF822007AEE22 /* SoundManager.swift */ = {isa = PBXFileReference; fileEncoding = 4; lastKnownFileType = sourcecode.swift; path = SoundManager.swift; sourceTree = "<group>"; };
		F58377B7444044C7F936BD5E /* Pods_soundstream.framework */ = {isa = PBXFileReference; explicitFileType = wrapper.framework; includeInIndex = 0; path = Pods_soundstream.framework; sourceTree = BUILT_PRODUCTS_DIR; };
/* End PBXFileReference section */

/* Begin PBXFrameworksBuildPhase section */
		EC5BA4E21D86F879003FC885 /* Frameworks */ = {
			isa = PBXFrameworksBuildPhase;
			buildActionMask = 2147483647;
			files = (
				7B2524DBA26BD55295904CCE /* Pods_soundstream.framework in Frameworks */,
			);
			runOnlyForDeploymentPostprocessing = 0;
		};
/* End PBXFrameworksBuildPhase section */

/* Begin PBXGroup section */
		369C8E1C3A55A16EE3526E6D /* Frameworks */ = {
			isa = PBXGroup;
			children = (
				F58377B7444044C7F936BD5E /* Pods_soundstream.framework */,
			);
			name = Frameworks;
			sourceTree = "<group>";
		};
		9D172DA4FADB691F62210E25 /* Pods */ = {
			isa = PBXGroup;
			children = (
				D5E67E77C5187B83BD56C53E /* Pods-soundstream.debug.xcconfig */,
				6F4AC6970226195137027B89 /* Pods-soundstream.release.xcconfig */,
			);
			name = Pods;
			sourceTree = "<group>";
		};
		EC2410B31D884B8000C6D679 /* realm */ = {
			isa = PBXGroup;
			children = (
				EC2410B41D884BA100C6D679 /* Sound.swift */,
				EC3AF41D1D8C03010081C30F /* SoundSoundCloud.swift */,
				EC3AF41F1D8C030C0081C30F /* SoundYouTube.swift */,
			);
			name = realm;
			sourceTree = "<group>";
		};
		EC2410B61D884C8800C6D679 /* repository */ = {
			isa = PBXGroup;
			children = (
				EC421BCB1D88339100A54B98 /* APIRepository.swift */,
				EC2410B71D884C9E00C6D679 /* SoundRepository.swift */,
				EC2410BA1D884DEC00C6D679 /* SoundFactory.swift */,
			);
			name = repository;
			sourceTree = "<group>";
		};
		EC3AF42A1D8C0CAD0081C30F /* error */ = {
			isa = PBXGroup;
			children = (
				EC3AF42B1D8C0CBE0081C30F /* Error.swift */,
			);
			name = error;
			sourceTree = "<group>";
		};
		EC421BC71D88240200A54B98 /* entity */ = {
			isa = PBXGroup;
			children = (
				EC3AF4211D8C05390081C30F /* SoundEntity.swift */,
				EC421BC81D88242200A54B98 /* SoundResourceEntity.swift */,
				EC3AF4251D8C06C20081C30F /* SoundCloudResourceEntity.swift */,
				EC3AF4271D8C06D00081C30F /* YouTubeResourceEntity.swift */,
			);
			name = entity;
			sourceTree = "<group>";
		};
		EC421BCA1D88336200A54B98 /* network */ = {
			isa = PBXGroup;
			children = (
				EC421BD21D8844E300A54B98 /* error */,
				EC421BCF1D8838EF00A54B98 /* response */,
			);
			name = network;
			sourceTree = "<group>";
		};
		EC421BCF1D8838EF00A54B98 /* response */ = {
			isa = PBXGroup;
			children = (
				EC421BD01D88391900A54B98 /* ResponseSoundCloudGetResolve.swift */,
				EC3AF42D1D8E42B60081C30F /* ResponseYouTubeGetResolveItem.swift */,
				EC3AF42F1D8E49FC0081C30F /* ResponseYouTubeGetResolve.swift */,
			);
			name = response;
			sourceTree = "<group>";
		};
		EC421BD21D8844E300A54B98 /* error */ = {
			isa = PBXGroup;
			children = (
				EC421BD31D8844FF00A54B98 /* ResponseError.swift */,
			);
			name = error;
			sourceTree = "<group>";
		};
		EC5BA4DC1D86F879003FC885 = {
			isa = PBXGroup;
			children = (
				EC5BA4E71D86F879003FC885 /* soundstream */,
				EC5BA4E61D86F879003FC885 /* Products */,
				9D172DA4FADB691F62210E25 /* Pods */,
				369C8E1C3A55A16EE3526E6D /* Frameworks */,
			);
			sourceTree = "<group>";
		};
		EC5BA4E61D86F879003FC885 /* Products */ = {
			isa = PBXGroup;
			children = (
				EC5BA4E51D86F879003FC885 /* soundstream.app */,
			);
			name = Products;
			sourceTree = "<group>";
		};
		EC5BA4E71D86F879003FC885 /* soundstream */ = {
			isa = PBXGroup;
			children = (
				EC3AF42A1D8C0CAD0081C30F /* error */,
				ECCE508F1D8AF816007AEE22 /* manager */,
				ECCE508C1D89A9ED007AEE22 /* data */,
				ECCE50861D89885E007AEE22 /* view */,
				EC2410B61D884C8800C6D679 /* repository */,
				EC2410B31D884B8000C6D679 /* realm */,
				EC421BCA1D88336200A54B98 /* network */,
				EC421BC71D88240200A54B98 /* entity */,
				EC5BA5001D86FBFB003FC885 /* storyboard */,
				EC5BA4FF1D86FBEA003FC885 /* viewcontroller */,
				EC5BA4FE1D86FBDB003FC885 /* presenter */,
				EC5BA4E81D86F879003FC885 /* AppDelegate.swift */,
				EC5BA4EF1D86F879003FC885 /* Assets.xcassets */,
				EC5BA4F41D86F879003FC885 /* Info.plist */,
				ECCE508B1D898BB0007AEE22 /* SoundStream-Bridging-Header.h */,
			);
			path = soundstream;
			sourceTree = "<group>";
		};
		EC5BA4FE1D86FBDB003FC885 /* presenter */ = {
			isa = PBXGroup;
			children = (
				EC5BA4FA1D86F927003FC885 /* SearchViewProtocol.swift */,
				EC5BA4FC1D86F948003FC885 /* SearchPresenter.swift */,
				ECCE50821D897E50007AEE22 /* HomeViewProtocol.swift */,
				ECCE50841D897E5C007AEE22 /* HomePresenter.swift */,
			);
			name = presenter;
			sourceTree = "<group>";
		};
		EC5BA4FF1D86FBEA003FC885 /* viewcontroller */ = {
			isa = PBXGroup;
			children = (
				EC5BA4EA1D86F879003FC885 /* SearchViewController.swift */,
				ECCE50801D897D93007AEE22 /* HomeViewController.swift */,
			);
			name = viewcontroller;
			sourceTree = "<group>";
		};
		EC5BA5001D86FBFB003FC885 /* storyboard */ = {
			isa = PBXGroup;
			children = (
				EC5BA4EC1D86F879003FC885 /* Search.storyboard */,
				EC5BA4F11D86F879003FC885 /* LaunchScreen.storyboard */,
				ECCE507E1D897D6C007AEE22 /* Home.storyboard */,
			);
			name = storyboard;
			sourceTree = "<group>";
		};
		ECCE50861D89885E007AEE22 /* view */ = {
			isa = PBXGroup;
			children = (
				ECCE50871D898871007AEE22 /* SoundCell.swift */,
			);
			name = view;
			sourceTree = "<group>";
		};
		ECCE508C1D89A9ED007AEE22 /* data */ = {
			isa = PBXGroup;
			children = (
				ECCE508D1D89A9FC007AEE22 /* Constant.swift */,
				EC3AF4231D8C059F0081C30F /* ResourceType.swift */,
			);
			name = data;
			sourceTree = "<group>";
		};
		ECCE508F1D8AF816007AEE22 /* manager */ = {
			isa = PBXGroup;
			children = (
				ECCE50901D8AF822007AEE22 /* SoundManager.swift */,
			);
			name = manager;
			sourceTree = "<group>";
		};
/* End PBXGroup section */

/* Begin PBXNativeTarget section */
		EC5BA4E41D86F879003FC885 /* soundstream */ = {
			isa = PBXNativeTarget;
			buildConfigurationList = EC5BA4F71D86F879003FC885 /* Build configuration list for PBXNativeTarget "soundstream" */;
			buildPhases = (
				EAF81651A7E13049A4D542C2 /* [CP] Check Pods Manifest.lock */,
				EC5BA4E11D86F879003FC885 /* Sources */,
				EC5BA4E21D86F879003FC885 /* Frameworks */,
				EC5BA4E31D86F879003FC885 /* Resources */,
				8A5C102B4B9E066A6E09CE20 /* [CP] Embed Pods Frameworks */,
				85DC4FF8BAA9F2B3091F1B56 /* [CP] Copy Pods Resources */,
			);
			buildRules = (
			);
			dependencies = (
			);
			name = soundstream;
			productName = soundstream;
			productReference = EC5BA4E51D86F879003FC885 /* soundstream.app */;
			productType = "com.apple.product-type.application";
		};
/* End PBXNativeTarget section */

/* Begin PBXProject section */
		EC5BA4DD1D86F879003FC885 /* Project object */ = {
			isa = PBXProject;
			attributes = {
				LastSwiftUpdateCheck = 0730;
				LastUpgradeCheck = 0730;
				ORGANIZATIONNAME = UNUUU;
				TargetAttributes = {
					EC5BA4E41D86F879003FC885 = {
						CreatedOnToolsVersion = 7.3.1;
					};
				};
			};
			buildConfigurationList = EC5BA4E01D86F879003FC885 /* Build configuration list for PBXProject "soundstream" */;
			compatibilityVersion = "Xcode 3.2";
			developmentRegion = English;
			hasScannedForEncodings = 0;
			knownRegions = (
				en,
				Base,
			);
			mainGroup = EC5BA4DC1D86F879003FC885;
			productRefGroup = EC5BA4E61D86F879003FC885 /* Products */;
			projectDirPath = "";
			projectRoot = "";
			targets = (
				EC5BA4E41D86F879003FC885 /* soundstream */,
			);
		};
/* End PBXProject section */

/* Begin PBXResourcesBuildPhase section */
		EC5BA4E31D86F879003FC885 /* Resources */ = {
			isa = PBXResourcesBuildPhase;
			buildActionMask = 2147483647;
			files = (
				EC5BA4F31D86F879003FC885 /* LaunchScreen.storyboard in Resources */,
				EC5BA4F01D86F879003FC885 /* Assets.xcassets in Resources */,
				EC5BA4EE1D86F879003FC885 /* Search.storyboard in Resources */,
				ECCE507F1D897D6C007AEE22 /* Home.storyboard in Resources */,
			);
			runOnlyForDeploymentPostprocessing = 0;
		};
/* End PBXResourcesBuildPhase section */

/* Begin PBXShellScriptBuildPhase section */
		85DC4FF8BAA9F2B3091F1B56 /* [CP] Copy Pods Resources */ = {
			isa = PBXShellScriptBuildPhase;
			buildActionMask = 2147483647;
			files = (
			);
			inputPaths = (
			);
			name = "[CP] Copy Pods Resources";
			outputPaths = (
			);
			runOnlyForDeploymentPostprocessing = 0;
			shellPath = /bin/sh;
			shellScript = "\"${SRCROOT}/Pods/Target Support Files/Pods-soundstream/Pods-soundstream-resources.sh\"\n";
			showEnvVarsInLog = 0;
		};
		8A5C102B4B9E066A6E09CE20 /* [CP] Embed Pods Frameworks */ = {
			isa = PBXShellScriptBuildPhase;
			buildActionMask = 2147483647;
			files = (
			);
			inputPaths = (
			);
			name = "[CP] Embed Pods Frameworks";
			outputPaths = (
			);
			runOnlyForDeploymentPostprocessing = 0;
			shellPath = /bin/sh;
			shellScript = "\"${SRCROOT}/Pods/Target Support Files/Pods-soundstream/Pods-soundstream-frameworks.sh\"\n";
			showEnvVarsInLog = 0;
		};
		EAF81651A7E13049A4D542C2 /* [CP] Check Pods Manifest.lock */ = {
			isa = PBXShellScriptBuildPhase;
			buildActionMask = 2147483647;
			files = (
			);
			inputPaths = (
			);
			name = "[CP] Check Pods Manifest.lock";
			outputPaths = (
			);
			runOnlyForDeploymentPostprocessing = 0;
			shellPath = /bin/sh;
			shellScript = "diff \"${PODS_ROOT}/../Podfile.lock\" \"${PODS_ROOT}/Manifest.lock\" > /dev/null\nif [[ $? != 0 ]] ; then\n    cat << EOM\nerror: The sandbox is not in sync with the Podfile.lock. Run 'pod install' or update your CocoaPods installation.\nEOM\n    exit 1\nfi\n";
			showEnvVarsInLog = 0;
		};
/* End PBXShellScriptBuildPhase section */

/* Begin PBXSourcesBuildPhase section */
		EC5BA4E11D86F879003FC885 /* Sources */ = {
			isa = PBXSourcesBuildPhase;
			buildActionMask = 2147483647;
			files = (
				EC3AF4261D8C06C20081C30F /* SoundCloudResourceEntity.swift in Sources */,
				EC421BCC1D88339100A54B98 /* APIRepository.swift in Sources */,
				EC421BD41D8844FF00A54B98 /* ResponseError.swift in Sources */,
				EC3AF42E1D8E42B60081C30F /* ResponseYouTubeGetResolveItem.swift in Sources */,
				EC5BA4FB1D86F927003FC885 /* SearchViewProtocol.swift in Sources */,
				ECCE508E1D89A9FC007AEE22 /* Constant.swift in Sources */,
				ECCE50881D898871007AEE22 /* SoundCell.swift in Sources */,
				EC5BA4EB1D86F879003FC885 /* SearchViewController.swift in Sources */,
				EC421BD11D88391900A54B98 /* ResponseSoundCloudGetResolve.swift in Sources */,
				EC2410BB1D884DEC00C6D679 /* SoundFactory.swift in Sources */,
				EC421BC91D88242200A54B98 /* SoundResourceEntity.swift in Sources */,
				ECCE50851D897E5C007AEE22 /* HomePresenter.swift in Sources */,
				EC5BA4E91D86F879003FC885 /* AppDelegate.swift in Sources */,
				EC3AF41E1D8C03010081C30F /* SoundSoundCloud.swift in Sources */,
				EC3AF4201D8C030C0081C30F /* SoundYouTube.swift in Sources */,
				EC3AF4281D8C06D00081C30F /* YouTubeResourceEntity.swift in Sources */,
				EC3AF42C1D8C0CBE0081C30F /* Error.swift in Sources */,
				EC2410B81D884C9E00C6D679 /* SoundRepository.swift in Sources */,
				EC2410B51D884BA100C6D679 /* Sound.swift in Sources */,
				ECCE50831D897E50007AEE22 /* HomeViewProtocol.swift in Sources */,
				EC5BA4FD1D86F948003FC885 /* SearchPresenter.swift in Sources */,
				EC3AF4241D8C059F0081C30F /* ResourceType.swift in Sources */,
				ECCE50811D897D93007AEE22 /* HomeViewController.swift in Sources */,
				EC3AF4301D8E49FC0081C30F /* ResponseYouTubeGetResolve.swift in Sources */,
				EC3AF4221D8C05390081C30F /* SoundEntity.swift in Sources */,
				ECCE50911D8AF822007AEE22 /* SoundManager.swift in Sources */,
			);
			runOnlyForDeploymentPostprocessing = 0;
		};
/* End PBXSourcesBuildPhase section */

/* Begin PBXVariantGroup section */
		EC5BA4EC1D86F879003FC885 /* Search.storyboard */ = {
			isa = PBXVariantGroup;
			children = (
				EC5BA4ED1D86F879003FC885 /* Base */,
			);
			name = Search.storyboard;
			sourceTree = "<group>";
		};
		EC5BA4F11D86F879003FC885 /* LaunchScreen.storyboard */ = {
			isa = PBXVariantGroup;
			children = (
				EC5BA4F21D86F879003FC885 /* Base */,
			);
			name = LaunchScreen.storyboard;
			sourceTree = "<group>";
		};
/* End PBXVariantGroup section */

/* Begin XCBuildConfiguration section */
		EC5BA4F51D86F879003FC885 /* Debug */ = {
			isa = XCBuildConfiguration;
			buildSettings = {
				ALWAYS_SEARCH_USER_PATHS = NO;
				CLANG_ANALYZER_NONNULL = YES;
				CLANG_CXX_LANGUAGE_STANDARD = "gnu++0x";
				CLANG_CXX_LIBRARY = "libc++";
				CLANG_ENABLE_MODULES = YES;
				CLANG_ENABLE_OBJC_ARC = YES;
				CLANG_WARN_BOOL_CONVERSION = YES;
				CLANG_WARN_CONSTANT_CONVERSION = YES;
				CLANG_WARN_DIRECT_OBJC_ISA_USAGE = YES_ERROR;
				CLANG_WARN_EMPTY_BODY = YES;
				CLANG_WARN_ENUM_CONVERSION = YES;
				CLANG_WARN_INT_CONVERSION = YES;
				CLANG_WARN_OBJC_ROOT_CLASS = YES_ERROR;
				CLANG_WARN_UNREACHABLE_CODE = YES;
				CLANG_WARN__DUPLICATE_METHOD_MATCH = YES;
				"CODE_SIGN_IDENTITY[sdk=iphoneos*]" = "iPhone Developer";
				COPY_PHASE_STRIP = NO;
				DEBUG_INFORMATION_FORMAT = dwarf;
				ENABLE_STRICT_OBJC_MSGSEND = YES;
				ENABLE_TESTABILITY = YES;
				GCC_C_LANGUAGE_STANDARD = gnu99;
				GCC_DYNAMIC_NO_PIC = NO;
				GCC_NO_COMMON_BLOCKS = YES;
				GCC_OPTIMIZATION_LEVEL = 0;
				GCC_PREPROCESSOR_DEFINITIONS = (
					"DEBUG=1",
					"$(inherited)",
				);
				GCC_WARN_64_TO_32_BIT_CONVERSION = YES;
				GCC_WARN_ABOUT_RETURN_TYPE = YES_ERROR;
				GCC_WARN_UNDECLARED_SELECTOR = YES;
				GCC_WARN_UNINITIALIZED_AUTOS = YES_AGGRESSIVE;
				GCC_WARN_UNUSED_FUNCTION = YES;
				GCC_WARN_UNUSED_VARIABLE = YES;
				IPHONEOS_DEPLOYMENT_TARGET = 9.3;
				MTL_ENABLE_DEBUG_INFO = YES;
				ONLY_ACTIVE_ARCH = YES;
				SDKROOT = iphoneos;
				SWIFT_OPTIMIZATION_LEVEL = "-Onone";
				TARGETED_DEVICE_FAMILY = "1,2";
			};
			name = Debug;
		};
		EC5BA4F61D86F879003FC885 /* Release */ = {
			isa = XCBuildConfiguration;
			buildSettings = {
				ALWAYS_SEARCH_USER_PATHS = NO;
				CLANG_ANALYZER_NONNULL = YES;
				CLANG_CXX_LANGUAGE_STANDARD = "gnu++0x";
				CLANG_CXX_LIBRARY = "libc++";
				CLANG_ENABLE_MODULES = YES;
				CLANG_ENABLE_OBJC_ARC = YES;
				CLANG_WARN_BOOL_CONVERSION = YES;
				CLANG_WARN_CONSTANT_CONVERSION = YES;
				CLANG_WARN_DIRECT_OBJC_ISA_USAGE = YES_ERROR;
				CLANG_WARN_EMPTY_BODY = YES;
				CLANG_WARN_ENUM_CONVERSION = YES;
				CLANG_WARN_INT_CONVERSION = YES;
				CLANG_WARN_OBJC_ROOT_CLASS = YES_ERROR;
				CLANG_WARN_UNREACHABLE_CODE = YES;
				CLANG_WARN__DUPLICATE_METHOD_MATCH = YES;
				"CODE_SIGN_IDENTITY[sdk=iphoneos*]" = "iPhone Developer";
				COPY_PHASE_STRIP = NO;
				DEBUG_INFORMATION_FORMAT = "dwarf-with-dsym";
				ENABLE_NS_ASSERTIONS = NO;
				ENABLE_STRICT_OBJC_MSGSEND = YES;
				GCC_C_LANGUAGE_STANDARD = gnu99;
				GCC_NO_COMMON_BLOCKS = YES;
				GCC_WARN_64_TO_32_BIT_CONVERSION = YES;
				GCC_WARN_ABOUT_RETURN_TYPE = YES_ERROR;
				GCC_WARN_UNDECLARED_SELECTOR = YES;
				GCC_WARN_UNINITIALIZED_AUTOS = YES_AGGRESSIVE;
				GCC_WARN_UNUSED_FUNCTION = YES;
				GCC_WARN_UNUSED_VARIABLE = YES;
				IPHONEOS_DEPLOYMENT_TARGET = 9.3;
				MTL_ENABLE_DEBUG_INFO = NO;
				SDKROOT = iphoneos;
				TARGETED_DEVICE_FAMILY = "1,2";
				VALIDATE_PRODUCT = YES;
			};
			name = Release;
		};
		EC5BA4F81D86F879003FC885 /* Debug */ = {
			isa = XCBuildConfiguration;
			baseConfigurationReference = D5E67E77C5187B83BD56C53E /* Pods-soundstream.debug.xcconfig */;
			buildSettings = {
				ASSETCATALOG_COMPILER_APPICON_NAME = AppIcon;
				INFOPLIST_FILE = soundstream/Info.plist;
				LD_RUNPATH_SEARCH_PATHS = "$(inherited) @executable_path/Frameworks";
				PRODUCT_BUNDLE_IDENTIFIER = com.soundstream;
				PRODUCT_NAME = "$(TARGET_NAME)";
				SWIFT_OBJC_BRIDGING_HEADER = "soundstream/SoundStream-Bridging-Header.h";
			};
			name = Debug;
		};
		EC5BA4F91D86F879003FC885 /* Release */ = {
			isa = XCBuildConfiguration;
			baseConfigurationReference = 6F4AC6970226195137027B89 /* Pods-soundstream.release.xcconfig */;
			buildSettings = {
				ASSETCATALOG_COMPILER_APPICON_NAME = AppIcon;
				INFOPLIST_FILE = soundstream/Info.plist;
				LD_RUNPATH_SEARCH_PATHS = "$(inherited) @executable_path/Frameworks";
				PRODUCT_BUNDLE_IDENTIFIER = com.soundstream;
				PRODUCT_NAME = "$(TARGET_NAME)";
				SWIFT_OBJC_BRIDGING_HEADER = "soundstream/SoundStream-Bridging-Header.h";
			};
			name = Release;
		};
/* End XCBuildConfiguration section */

/* Begin XCConfigurationList section */
		EC5BA4E01D86F879003FC885 /* Build configuration list for PBXProject "soundstream" */ = {
			isa = XCConfigurationList;
			buildConfigurations = (
				EC5BA4F51D86F879003FC885 /* Debug */,
				EC5BA4F61D86F879003FC885 /* Release */,
			);
			defaultConfigurationIsVisible = 0;
			defaultConfigurationName = Release;
		};
		EC5BA4F71D86F879003FC885 /* Build configuration list for PBXNativeTarget "soundstream" */ = {
			isa = XCConfigurationList;
			buildConfigurations = (
				EC5BA4F81D86F879003FC885 /* Debug */,
				EC5BA4F91D86F879003FC885 /* Release */,
			);
			defaultConfigurationIsVisible = 0;
			defaultConfigurationName = Release;
		};
/* End XCConfigurationList section */
	};
	rootObject = EC5BA4DD1D86F879003FC885 /* Project object */;
}
